
Microsoft Visual Studio Solution File, Format Version 12.00
# Visual Studio Version 17
VisualStudioVersion = 17.0.31903.59
MinimumVisualStudioVersion = 10.0.40219.1
Project("{2150E333-8FDC-42A3-9474-1A3956D46DE8}") = "AomojiVanity.Build", "AomojiVanity.Build", "{5D9B044E-D2DB-4EBF-9603-EAAE11F0C6A3}"
	ProjectSection(SolutionItems) = preProject
		AomojiVanity.Build\AomojiVanity.Build.DotNet.targets = AomojiVanity.Build\AomojiVanity.Build.DotNet.targets
		AomojiVanity.Build\AomojiVanity.Build.ErrorChecker.targets = AomojiVanity.Build\AomojiVanity.Build.ErrorChecker.targets
		AomojiVanity.Build\AomojiVanity.Build.ModLoader.targets = AomojiVanity.Build\AomojiVanity.Build.ModLoader.targets
		AomojiVanity.Build\AomojiVanity.Build.targets = AomojiVanity.Build\AomojiVanity.Build.targets
	EndProjectSection
EndProject
Project("{FAE04EC0-301F-11D3-BF4B-00C04F79EFBC}") = "LegacyLoader", "LegacyLoader\LegacyLoader.csproj", "{4A160B27-B800-46C6-9DC2-2F7CFFBFA0AB}"
EndProject
Global
	GlobalSection(SolutionConfigurationPlatforms) = preSolution
		Debug|Any CPU = Debug|Any CPU
		Release|Any CPU = Release|Any CPU
	EndGlobalSection
	GlobalSection(SolutionProperties) = preSolution
		HideSolutionNode = FALSE
	EndGlobalSection
	GlobalSection(ProjectConfigurationPlatforms) = postSolution
		{4A160B27-B800-46C6-9DC2-2F7CFFBFA0AB}.Debug|Any CPU.ActiveCfg = Debug|Any CPU
		{4A160B27-B800-46C6-9DC2-2F7CFFBFA0AB}.Debug|Any CPU.Build.0 = Debug|Any CPU
		{4A160B27-B800-46C6-9DC2-2F7CFFBFA0AB}.Release|Any CPU.ActiveCfg = Release|Any CPU
		{4A160B27-B800-46C6-9DC2-2F7CFFBFA0AB}.Release|Any CPU.Build.0 = Release|Any CPU
	EndGlobalSection
EndGlobal
